
Microsoft Visual Studio Solution File, Format Version 12.00
Project("{FAE04EC0-301F-11D3-BF4B-00C04F79EFBC}") = "App", "src\App\App.csproj", "{3C2ED323-AED1-473C-A2C6-CF282DE58892}"
EndProject
Project("{FAE04EC0-301F-11D3-BF4B-00C04F79EFBC}") = "LogicalConclusion.Common", "src\LogicalConclusion.Common\LogicalConclusion.Common.csproj", "{9024625E-296E-4EE2-B4AB-2D66590DD425}"
EndProject
Global
	GlobalSection(SolutionConfigurationPlatforms) = preSolution
		Debug|Any CPU = Debug|Any CPU
		Release|Any CPU = Release|Any CPU
	EndGlobalSection
	GlobalSection(ProjectConfigurationPlatforms) = postSolution
		{3C2ED323-AED1-473C-A2C6-CF282DE58892}.Debug|Any CPU.ActiveCfg = Debug|Any CPU
		{3C2ED323-AED1-473C-A2C6-CF282DE58892}.Debug|Any CPU.Build.0 = Debug|Any CPU
		{3C2ED323-AED1-473C-A2C6-CF282DE58892}.Release|Any CPU.ActiveCfg = Release|Any CPU
		{3C2ED323-AED1-473C-A2C6-CF282DE58892}.Release|Any CPU.Build.0 = Release|Any CPU
		{9024625E-296E-4EE2-B4AB-2D66590DD425}.Debug|Any CPU.ActiveCfg = Debug|Any CPU
		{9024625E-296E-4EE2-B4AB-2D66590DD425}.Debug|Any CPU.Build.0 = Debug|Any CPU
		{9024625E-296E-4EE2-B4AB-2D66590DD425}.Release|Any CPU.ActiveCfg = Release|Any CPU
		{9024625E-296E-4EE2-B4AB-2D66590DD425}.Release|Any CPU.Build.0 = Release|Any CPU
	EndGlobalSection
EndGlobal
